
Microsoft Visual Studio Solution File, Format Version 12.00
# Visual Studio Version 16
VisualStudioVersion = 16.0.31702.278
MinimumVisualStudioVersion = 10.0.40219.1
Project("{FAE04EC0-301F-11D3-BF4B-00C04F79EFBC}") = "NetflixESNGenerator", "NetflixESNGenerator\NetflixESNGenerator.csproj", "{ECD60C98-6A9C-4AA2-B3EE-445F08F8EB18}"
EndProject
Global
	GlobalSection(SolutionConfigurationPlatforms) = preSolution
		Debug|Any CPU = Debug|Any CPU
		Release|Any CPU = Release|Any CPU
	EndGlobalSection
	GlobalSection(ProjectConfigurationPlatforms) = postSolution
		{ECD60C98-6A9C-4AA2-B3EE-445F08F8EB18}.Debug|Any CPU.ActiveCfg = Debug|Any CPU
		{ECD60C98-6A9C-4AA2-B3EE-445F08F8EB18}.Debug|Any CPU.Build.0 = Debug|Any CPU
		{ECD60C98-6A9C-4AA2-B3EE-445F08F8EB18}.Release|Any CPU.ActiveCfg = Release|Any CPU
		{ECD60C98-6A9C-4AA2-B3EE-445F08F8EB18}.Release|Any CPU.Build.0 = Release|Any CPU
	EndGlobalSection
	GlobalSection(SolutionProperties) = preSolution
		HideSolutionNode = FALSE
	EndGlobalSection
	GlobalSection(ExtensibilityGlobals) = postSolution
		SolutionGuid = {EEDA818F-B578-4C26-BF20-679CA94077EC}
	EndGlobalSection
EndGlobal
